
Microsoft Visual Studio Solution File, Format Version 12.00
# Visual Studio 15
VisualStudioVersion = 15.0.28010.2003
MinimumVisualStudioVersion = 10.0.40219.1
Project("{FAE04EC0-301F-11D3-BF4B-00C04F79EFBC}") = "Ducks", "Ducks\Ducks.csproj", "{A88D7648-4B39-495F-B22E-6930A02054EC}"
EndProject
Project("{2150E333-8FDC-42A3-9474-1A3956D46DE8}") = "Solution Items", "Solution Items", "{D72CA852-011A-4526-8973-5178431065F7}"
EndProject
Global
	GlobalSection(SolutionConfigurationPlatforms) = preSolution
		Debug|Any CPU = Debug|Any CPU
		Release|Any CPU = Release|Any CPU
	EndGlobalSection
	GlobalSection(ProjectConfigurationPlatforms) = postSolution
		{A88D7648-4B39-495F-B22E-6930A02054EC}.Debug|Any CPU.ActiveCfg = Debug|Any CPU
		{A88D7648-4B39-495F-B22E-6930A02054EC}.Debug|Any CPU.Build.0 = Debug|Any CPU
		{A88D7648-4B39-495F-B22E-6930A02054EC}.Release|Any CPU.ActiveCfg = Release|Any CPU
		{A88D7648-4B39-495F-B22E-6930A02054EC}.Release|Any CPU.Build.0 = Release|Any CPU
	EndGlobalSection
	GlobalSection(SolutionProperties) = preSolution
		HideSolutionNode = FALSE
	EndGlobalSection
	GlobalSection(ExtensibilityGlobals) = postSolution
		SolutionGuid = {CC11950B-0984-44AF-983F-585F6A1BDE86}
	EndGlobalSection
EndGlobal
